
Microsoft Visual Studio Solution File, Format Version 12.00
# Visual Studio Version 17
VisualStudioVersion = 17.9.34714.143
MinimumVisualStudioVersion = 10.0.40219.1
Project("{FAE04EC0-301F-11D3-BF4B-00C04F79EFBC}") = "SysCisepro3", "SysCisepro3\SysCisepro3.csproj", "{52AF2206-477D-476B-8617-8E323FAE3FF8}"
EndProject
Project("{FAE04EC0-301F-11D3-BF4B-00C04F79EFBC}") = "ClassLibraryCisepro3", "ClassLibrarySecurity\ClassLibraryCisepro3.csproj", "{5DF081DF-9FD5-4362-9FDA-2B8F91BB5DFF}"
EndProject
Project("{F184B08F-C81C-45F6-A57F-5ABD9991F28F}") = "ClassLibraryCisepro", "ClassLibraryCisepro\ClassLibraryCisepro.vbproj", "{8DF0F26E-420A-42E1-8E49-CEC37B2BDD98}"
EndProject
Project("{F184B08F-C81C-45F6-A57F-5ABD9991F28F}") = "syscisepro", "syscisepro\syscisepro.vbproj", "{155DEEA4-726B-4FE4-B2E2-B4ABC7606BEB}"
EndProject
Project("{FAE04EC0-301F-11D3-BF4B-00C04F79EFBC}") = "DashboardAPI", "DashboardAPI\DashboardAPI.csproj", "{E527790B-B8DB-4929-9155-43DF4D1178A6}"
EndProject
Global
	GlobalSection(SolutionConfigurationPlatforms) = preSolution
		Debug|Any CPU = Debug|Any CPU
		Debug|Mixed Platforms = Debug|Mixed Platforms
		Debug|x64 = Debug|x64
		Debug|x86 = Debug|x86
		Release|Any CPU = Release|Any CPU
		Release|Mixed Platforms = Release|Mixed Platforms
		Release|x64 = Release|x64
		Release|x86 = Release|x86
	EndGlobalSection
	GlobalSection(ProjectConfigurationPlatforms) = postSolution
		{52AF2206-477D-476B-8617-8E323FAE3FF8}.Debug|Any CPU.ActiveCfg = Debug|x86
		{52AF2206-477D-476B-8617-8E323FAE3FF8}.Debug|Any CPU.Build.0 = Debug|x86
		{52AF2206-477D-476B-8617-8E323FAE3FF8}.Debug|Mixed Platforms.ActiveCfg = Debug|x86
		{52AF2206-477D-476B-8617-8E323FAE3FF8}.Debug|Mixed Platforms.Build.0 = Debug|x86
		{52AF2206-477D-476B-8617-8E323FAE3FF8}.Debug|x64.ActiveCfg = Debug|x86
		{52AF2206-477D-476B-8617-8E323FAE3FF8}.Debug|x64.Build.0 = Debug|x86
		{52AF2206-477D-476B-8617-8E323FAE3FF8}.Debug|x86.ActiveCfg = Debug|x64
		{52AF2206-477D-476B-8617-8E323FAE3FF8}.Debug|x86.Build.0 = Debug|x64
		{52AF2206-477D-476B-8617-8E323FAE3FF8}.Release|Any CPU.ActiveCfg = Release|x86
		{52AF2206-477D-476B-8617-8E323FAE3FF8}.Release|Mixed Platforms.ActiveCfg = Release|x86
		{52AF2206-477D-476B-8617-8E323FAE3FF8}.Release|Mixed Platforms.Build.0 = Release|x86
		{52AF2206-477D-476B-8617-8E323FAE3FF8}.Release|x64.ActiveCfg = Release|x86
		{52AF2206-477D-476B-8617-8E323FAE3FF8}.Release|x86.ActiveCfg = Release|x86
		{52AF2206-477D-476B-8617-8E323FAE3FF8}.Release|x86.Build.0 = Release|x86
		{5DF081DF-9FD5-4362-9FDA-2B8F91BB5DFF}.Debug|Any CPU.ActiveCfg = Debug|Any CPU
		{5DF081DF-9FD5-4362-9FDA-2B8F91BB5DFF}.Debug|Mixed Platforms.ActiveCfg = Debug|Any CPU
		{5DF081DF-9FD5-4362-9FDA-2B8F91BB5DFF}.Debug|Mixed Platforms.Build.0 = Debug|Any CPU
		{5DF081DF-9FD5-4362-9FDA-2B8F91BB5DFF}.Debug|x64.ActiveCfg = Debug|Any CPU
		{5DF081DF-9FD5-4362-9FDA-2B8F91BB5DFF}.Debug|x64.Build.0 = Debug|Any CPU
		{5DF081DF-9FD5-4362-9FDA-2B8F91BB5DFF}.Debug|x86.ActiveCfg = Debug|Any CPU
		{5DF081DF-9FD5-4362-9FDA-2B8F91BB5DFF}.Release|Any CPU.ActiveCfg = Release|Any CPU
		{5DF081DF-9FD5-4362-9FDA-2B8F91BB5DFF}.Release|Any CPU.Build.0 = Release|Any CPU
		{5DF081DF-9FD5-4362-9FDA-2B8F91BB5DFF}.Release|Mixed Platforms.ActiveCfg = Release|Any CPU
		{5DF081DF-9FD5-4362-9FDA-2B8F91BB5DFF}.Release|Mixed Platforms.Build.0 = Release|Any CPU
		{5DF081DF-9FD5-4362-9FDA-2B8F91BB5DFF}.Release|x64.ActiveCfg = Release|Any CPU
		{5DF081DF-9FD5-4362-9FDA-2B8F91BB5DFF}.Release|x86.ActiveCfg = Release|Any CPU
		{8DF0F26E-420A-42E1-8E49-CEC37B2BDD98}.Debug|Any CPU.ActiveCfg = Debug|Any CPU
		{8DF0F26E-420A-42E1-8E49-CEC37B2BDD98}.Debug|Mixed Platforms.ActiveCfg = Debug|Any CPU
		{8DF0F26E-420A-42E1-8E49-CEC37B2BDD98}.Debug|Mixed Platforms.Build.0 = Debug|Any CPU
		{8DF0F26E-420A-42E1-8E49-CEC37B2BDD98}.Debug|x64.ActiveCfg = Debug|Any CPU
		{8DF0F26E-420A-42E1-8E49-CEC37B2BDD98}.Debug|x64.Build.0 = Debug|Any CPU
		{8DF0F26E-420A-42E1-8E49-CEC37B2BDD98}.Debug|x86.ActiveCfg = Debug|Any CPU
		{8DF0F26E-420A-42E1-8E49-CEC37B2BDD98}.Release|Any CPU.ActiveCfg = Release|Any CPU
		{8DF0F26E-420A-42E1-8E49-CEC37B2BDD98}.Release|Any CPU.Build.0 = Release|Any CPU
		{8DF0F26E-420A-42E1-8E49-CEC37B2BDD98}.Release|Mixed Platforms.ActiveCfg = Release|Any CPU
		{8DF0F26E-420A-42E1-8E49-CEC37B2BDD98}.Release|Mixed Platforms.Build.0 = Release|Any CPU
		{8DF0F26E-420A-42E1-8E49-CEC37B2BDD98}.Release|x64.ActiveCfg = Release|x64
		{8DF0F26E-420A-42E1-8E49-CEC37B2BDD98}.Release|x64.Build.0 = Release|x64
		{8DF0F26E-420A-42E1-8E49-CEC37B2BDD98}.Release|x86.ActiveCfg = Release|Any CPU
		{155DEEA4-726B-4FE4-B2E2-B4ABC7606BEB}.Debug|Any CPU.ActiveCfg = Debug|x86
		{155DEEA4-726B-4FE4-B2E2-B4ABC7606BEB}.Debug|Any CPU.Build.0 = Debug|x86
		{155DEEA4-726B-4FE4-B2E2-B4ABC7606BEB}.Debug|Mixed Platforms.ActiveCfg = Debug|x86
		{155DEEA4-726B-4FE4-B2E2-B4ABC7606BEB}.Debug|Mixed Platforms.Build.0 = Debug|x86
		{155DEEA4-726B-4FE4-B2E2-B4ABC7606BEB}.Debug|x64.ActiveCfg = Debug|x86
		{155DEEA4-726B-4FE4-B2E2-B4ABC7606BEB}.Debug|x64.Build.0 = Debug|x86
		{155DEEA4-726B-4FE4-B2E2-B4ABC7606BEB}.Debug|x86.ActiveCfg = Debug|x86
		{155DEEA4-726B-4FE4-B2E2-B4ABC7606BEB}.Debug|x86.Build.0 = Debug|x86
		{155DEEA4-726B-4FE4-B2E2-B4ABC7606BEB}.Release|Any CPU.ActiveCfg = Release|x86
		{155DEEA4-726B-4FE4-B2E2-B4ABC7606BEB}.Release|Mixed Platforms.ActiveCfg = Release|x86
		{155DEEA4-726B-4FE4-B2E2-B4ABC7606BEB}.Release|Mixed Platforms.Build.0 = Release|x86
		{155DEEA4-726B-4FE4-B2E2-B4ABC7606BEB}.Release|x64.ActiveCfg = Release|x86
		{155DEEA4-726B-4FE4-B2E2-B4ABC7606BEB}.Release|x86.ActiveCfg = Release|x86
		{155DEEA4-726B-4FE4-B2E2-B4ABC7606BEB}.Release|x86.Build.0 = Release|x86
		{E527790B-B8DB-4929-9155-43DF4D1178A6}.Debug|Any CPU.ActiveCfg = Debug|Any CPU
		{E527790B-B8DB-4929-9155-43DF4D1178A6}.Debug|Any CPU.Build.0 = Debug|Any CPU
		{E527790B-B8DB-4929-9155-43DF4D1178A6}.Debug|Mixed Platforms.ActiveCfg = Debug|Any CPU
		{E527790B-B8DB-4929-9155-43DF4D1178A6}.Debug|Mixed Platforms.Build.0 = Debug|Any CPU
		{E527790B-B8DB-4929-9155-43DF4D1178A6}.Debug|x64.ActiveCfg = Debug|Any CPU
		{E527790B-B8DB-4929-9155-43DF4D1178A6}.Debug|x64.Build.0 = Debug|Any CPU
		{E527790B-B8DB-4929-9155-43DF4D1178A6}.Debug|x86.ActiveCfg = Debug|Any CPU
		{E527790B-B8DB-4929-9155-43DF4D1178A6}.Debug|x86.Build.0 = Debug|Any CPU
		{E527790B-B8DB-4929-9155-43DF4D1178A6}.Release|Any CPU.ActiveCfg = Release|Any CPU
		{E527790B-B8DB-4929-9155-43DF4D1178A6}.Release|Any CPU.Build.0 = Release|Any CPU
		{E527790B-B8DB-4929-9155-43DF4D1178A6}.Release|Mixed Platforms.ActiveCfg = Release|Any CPU
		{E527790B-B8DB-4929-9155-43DF4D1178A6}.Release|Mixed Platforms.Build.0 = Release|Any CPU
		{E527790B-B8DB-4929-9155-43DF4D1178A6}.Release|x64.ActiveCfg = Release|Any CPU
		{E527790B-B8DB-4929-9155-43DF4D1178A6}.Release|x64.Build.0 = Release|Any CPU
		{E527790B-B8DB-4929-9155-43DF4D1178A6}.Release|x86.ActiveCfg = Release|Any CPU
		{E527790B-B8DB-4929-9155-43DF4D1178A6}.Release|x86.Build.0 = Release|Any CPU
	EndGlobalSection
	GlobalSection(SolutionProperties) = preSolution
		HideSolutionNode = FALSE
	EndGlobalSection
	GlobalSection(ExtensibilityGlobals) = postSolution
		SolutionGuid = {8EA60A41-B93B-473D-B092-529F91958F6B}
	EndGlobalSection
EndGlobal
